// !$*UTF8*$!
{
	archiveVersion = 1;
	classes = {
	};
	objectVersion = 55;
	objects = {

/* Begin PBXBuildFile section */
		529FA8A328F15DB80082E361 /* CurrencyConverterTaskApp.swift in Sources */ = {isa = PBXBuildFile; fileRef = 529FA8A228F15DB80082E361 /* CurrencyConverterTaskApp.swift */; };
		529FA8A728F15DBA0082E361 /* Assets.xcassets in Resources */ = {isa = PBXBuildFile; fileRef = 529FA8A628F15DBA0082E361 /* Assets.xcassets */; };
		529FA8AA28F15DBA0082E361 /* Preview Assets.xcassets in Resources */ = {isa = PBXBuildFile; fileRef = 529FA8A928F15DBA0082E361 /* Preview Assets.xcassets */; };
		529FA8B128F171C90082E361 /* ConverterView.swift in Sources */ = {isa = PBXBuildFile; fileRef = 529FA8B028F171C90082E361 /* ConverterView.swift */; };
		529FA8B328F171D30082E361 /* ConverterViewModel.swift in Sources */ = {isa = PBXBuildFile; fileRef = 529FA8B228F171D30082E361 /* ConverterViewModel.swift */; };
		529FA8BD28F172D20082E361 /* Combine+Extensions.swift in Sources */ = {isa = PBXBuildFile; fileRef = 529FA8BC28F172D20082E361 /* Combine+Extensions.swift */; };
		529FA8C028F173260082E361 /* CustomNavigationBar.swift in Sources */ = {isa = PBXBuildFile; fileRef = 529FA8BF28F173260082E361 /* CustomNavigationBar.swift */; };
		529FA8C328F174540082E361 /* Color+Extensions.swift in Sources */ = {isa = PBXBuildFile; fileRef = 529FA8C228F174540082E361 /* Color+Extensions.swift */; };
		529FA8C728F1775E0082E361 /* СurrencyReponseModel.swift in Sources */ = {isa = PBXBuildFile; fileRef = 529FA8C628F1775E0082E361 /* СurrencyReponseModel.swift */; };
		529FA8C928F1778D0082E361 /* CurrencyType.swift in Sources */ = {isa = PBXBuildFile; fileRef = 529FA8C828F1778D0082E361 /* CurrencyType.swift */; };
		529FA8CB28F1B54E0082E361 /* ConvertionCell.swift in Sources */ = {isa = PBXBuildFile; fileRef = 529FA8CA28F1B54E0082E361 /* ConvertionCell.swift */; };
		529FA8CD28F1B7E80082E361 /* LinearGradient+Extensions.swift in Sources */ = {isa = PBXBuildFile; fileRef = 529FA8CC28F1B7E80082E361 /* LinearGradient+Extensions.swift */; };
		529FA8D028F1C4AC0082E361 /* View+Extensions.swift in Sources */ = {isa = PBXBuildFile; fileRef = 529FA8CF28F1C4AC0082E361 /* View+Extensions.swift */; };
		529FA8D428F1E1C80082E361 /* ActivityIndicator.swift in Sources */ = {isa = PBXBuildFile; fileRef = 529FA8D328F1E1C80082E361 /* ActivityIndicator.swift */; };
		529FA8DA28F2DF550082E361 /* ConverterNetworkManager.swift in Sources */ = {isa = PBXBuildFile; fileRef = 529FA8D928F2DF550082E361 /* ConverterNetworkManager.swift */; };
		529FA8DC28F2DFA40082E361 /* Constants.swift in Sources */ = {isa = PBXBuildFile; fileRef = 529FA8DB28F2DFA40082E361 /* Constants.swift */; };
		529FA8DF28F2E0310082E361 /* ConvertionError.swift in Sources */ = {isa = PBXBuildFile; fileRef = 529FA8DE28F2E0310082E361 /* ConvertionError.swift */; };
		529FA8E128F4037B0082E361 /* ConversionFeePercentageCalculator.swift in Sources */ = {isa = PBXBuildFile; fileRef = 529FA8E028F4037B0082E361 /* ConversionFeePercentageCalculator.swift */; };
/* End PBXBuildFile section */

/* Begin PBXFileReference section */
		529FA89F28F15DB80082E361 /* CurrencyConverterTask.app */ = {isa = PBXFileReference; explicitFileType = wrapper.application; includeInIndex = 0; path = CurrencyConverterTask.app; sourceTree = BUILT_PRODUCTS_DIR; };
		529FA8A228F15DB80082E361 /* CurrencyConverterTaskApp.swift */ = {isa = PBXFileReference; lastKnownFileType = sourcecode.swift; path = CurrencyConverterTaskApp.swift; sourceTree = "<group>"; };
		529FA8A628F15DBA0082E361 /* Assets.xcassets */ = {isa = PBXFileReference; lastKnownFileType = folder.assetcatalog; path = Assets.xcassets; sourceTree = "<group>"; };
		529FA8A928F15DBA0082E361 /* Preview Assets.xcassets */ = {isa = PBXFileReference; lastKnownFileType = folder.assetcatalog; path = "Preview Assets.xcassets"; sourceTree = "<group>"; };
		529FA8B028F171C90082E361 /* ConverterView.swift */ = {isa = PBXFileReference; lastKnownFileType = sourcecode.swift; path = ConverterView.swift; sourceTree = "<group>"; };
		529FA8B228F171D30082E361 /* ConverterViewModel.swift */ = {isa = PBXFileReference; lastKnownFileType = sourcecode.swift; path = ConverterViewModel.swift; sourceTree = "<group>"; };
		529FA8BC28F172D20082E361 /* Combine+Extensions.swift */ = {isa = PBXFileReference; lastKnownFileType = sourcecode.swift; path = "Combine+Extensions.swift"; sourceTree = "<group>"; };
		529FA8BF28F173260082E361 /* CustomNavigationBar.swift */ = {isa = PBXFileReference; lastKnownFileType = sourcecode.swift; path = CustomNavigationBar.swift; sourceTree = "<group>"; };
		529FA8C228F174540082E361 /* Color+Extensions.swift */ = {isa = PBXFileReference; lastKnownFileType = sourcecode.swift; path = "Color+Extensions.swift"; sourceTree = "<group>"; };
		529FA8C628F1775E0082E361 /* СurrencyReponseModel.swift */ = {isa = PBXFileReference; lastKnownFileType = sourcecode.swift; path = "СurrencyReponseModel.swift"; sourceTree = "<group>"; };
		529FA8C828F1778D0082E361 /* CurrencyType.swift */ = {isa = PBXFileReference; lastKnownFileType = sourcecode.swift; path = CurrencyType.swift; sourceTree = "<group>"; };
		529FA8CA28F1B54E0082E361 /* ConvertionCell.swift */ = {isa = PBXFileReference; lastKnownFileType = sourcecode.swift; path = ConvertionCell.swift; sourceTree = "<group>"; };
		529FA8CC28F1B7E80082E361 /* LinearGradient+Extensions.swift */ = {isa = PBXFileReference; lastKnownFileType = sourcecode.swift; path = "LinearGradient+Extensions.swift"; sourceTree = "<group>"; };
		529FA8CF28F1C4AC0082E361 /* View+Extensions.swift */ = {isa = PBXFileReference; lastKnownFileType = sourcecode.swift; path = "View+Extensions.swift"; sourceTree = "<group>"; };
		529FA8D328F1E1C80082E361 /* ActivityIndicator.swift */ = {isa = PBXFileReference; lastKnownFileType = sourcecode.swift; path = ActivityIndicator.swift; sourceTree = "<group>"; };
		529FA8D528F1FBA80082E361 /* Info.plist */ = {isa = PBXFileReference; lastKnownFileType = text.plist; path = Info.plist; sourceTree = "<group>"; };
		529FA8D928F2DF550082E361 /* ConverterNetworkManager.swift */ = {isa = PBXFileReference; lastKnownFileType = sourcecode.swift; path = ConverterNetworkManager.swift; sourceTree = "<group>"; };
		529FA8DB28F2DFA40082E361 /* Constants.swift */ = {isa = PBXFileReference; lastKnownFileType = sourcecode.swift; path = Constants.swift; sourceTree = "<group>"; };
		529FA8DE28F2E0310082E361 /* ConvertionError.swift */ = {isa = PBXFileReference; lastKnownFileType = sourcecode.swift; path = ConvertionError.swift; sourceTree = "<group>"; };
		529FA8E028F4037B0082E361 /* ConversionFeePercentageCalculator.swift */ = {isa = PBXFileReference; lastKnownFileType = sourcecode.swift; path = ConversionFeePercentageCalculator.swift; sourceTree = "<group>"; };
/* End PBXFileReference section */

/* Begin PBXFrameworksBuildPhase section */
		529FA89C28F15DB80082E361 /* Frameworks */ = {
			isa = PBXFrameworksBuildPhase;
			buildActionMask = 2147483647;
			files = (
			);
			runOnlyForDeploymentPostprocessing = 0;
		};
/* End PBXFrameworksBuildPhase section */

/* Begin PBXGroup section */
		529FA89628F15DB80082E361 = {
			isa = PBXGroup;
			children = (
				529FA8A128F15DB80082E361 /* CurrencyConverterTask */,
				529FA8A028F15DB80082E361 /* Products */,
			);
			sourceTree = "<group>";
		};
		529FA8A028F15DB80082E361 /* Products */ = {
			isa = PBXGroup;
			children = (
				529FA89F28F15DB80082E361 /* CurrencyConverterTask.app */,
			);
			name = Products;
			sourceTree = "<group>";
		};
		529FA8A128F15DB80082E361 /* CurrencyConverterTask */ = {
			isa = PBXGroup;
			children = (
				529FA8D528F1FBA80082E361 /* Info.plist */,
				529FA8B728F172510082E361 /* Main */,
				529FA8B528F172390082E361 /* Services */,
				529FA8B428F1722D0082E361 /* Library */,
				529FA8B628F172420082E361 /* UserStories */,
				529FA8A828F15DBA0082E361 /* Preview Content */,
			);
			path = CurrencyConverterTask;
			sourceTree = "<group>";
		};
		529FA8A828F15DBA0082E361 /* Preview Content */ = {
			isa = PBXGroup;
			children = (
				529FA8A928F15DBA0082E361 /* Preview Assets.xcassets */,
			);
			path = "Preview Content";
			sourceTree = "<group>";
		};
		529FA8B428F1722D0082E361 /* Library */ = {
			isa = PBXGroup;
			children = (
				529FA8DD28F2E01B0082E361 /* Models */,
				529FA8BE28F173170082E361 /* ReusableViews */,
				529FA8BB28F1729F0082E361 /* Extensions */,
				529FA8DB28F2DFA40082E361 /* Constants.swift */,
			);
			path = Library;
			sourceTree = "<group>";
		};
		529FA8B528F172390082E361 /* Services */ = {
			isa = PBXGroup;
			children = (
				529FA8D828F2DF180082E361 /* NetworkManager */,
			);
			path = Services;
			sourceTree = "<group>";
		};
		529FA8B628F172420082E361 /* UserStories */ = {
			isa = PBXGroup;
			children = (
				529FA8B828F1726E0082E361 /* ConverterScren */,
			);
			path = UserStories;
			sourceTree = "<group>";
		};
		529FA8B728F172510082E361 /* Main */ = {
			isa = PBXGroup;
			children = (
				529FA8A228F15DB80082E361 /* CurrencyConverterTaskApp.swift */,
				529FA8A628F15DBA0082E361 /* Assets.xcassets */,
			);
			path = Main;
			sourceTree = "<group>";
		};
		529FA8B828F1726E0082E361 /* ConverterScren */ = {
			isa = PBXGroup;
			children = (
				529FA8C428F177310082E361 /* Model */,
				529FA8B928F1727B0082E361 /* View */,
				529FA8BA28F172800082E361 /* ViewModel */,
			);
			path = ConverterScren;
			sourceTree = "<group>";
		};
		529FA8B928F1727B0082E361 /* View */ = {
			isa = PBXGroup;
			children = (
				529FA8B028F171C90082E361 /* ConverterView.swift */,
				529FA8CA28F1B54E0082E361 /* ConvertionCell.swift */,
			);
			path = View;
			sourceTree = "<group>";
		};
		529FA8BA28F172800082E361 /* ViewModel */ = {
			isa = PBXGroup;
			children = (
				529FA8B228F171D30082E361 /* ConverterViewModel.swift */,
			);
			path = ViewModel;
			sourceTree = "<group>";
		};
		529FA8BB28F1729F0082E361 /* Extensions */ = {
			isa = PBXGroup;
			children = (
				529FA8BC28F172D20082E361 /* Combine+Extensions.swift */,
				529FA8C228F174540082E361 /* Color+Extensions.swift */,
				529FA8CC28F1B7E80082E361 /* LinearGradient+Extensions.swift */,
				529FA8CF28F1C4AC0082E361 /* View+Extensions.swift */,
			);
			path = Extensions;
			sourceTree = "<group>";
		};
		529FA8BE28F173170082E361 /* ReusableViews */ = {
			isa = PBXGroup;
			children = (
				529FA8BF28F173260082E361 /* CustomNavigationBar.swift */,
				529FA8D328F1E1C80082E361 /* ActivityIndicator.swift */,
			);
			path = ReusableViews;
			sourceTree = "<group>";
		};
		529FA8C428F177310082E361 /* Model */ = {
			isa = PBXGroup;
			children = (
				529FA8C828F1778D0082E361 /* CurrencyType.swift */,
				529FA8C628F1775E0082E361 /* СurrencyReponseModel.swift */,
				529FA8E028F4037B0082E361 /* ConversionFeePercentageCalculator.swift */,
			);
			path = Model;
			sourceTree = "<group>";
		};
		529FA8D828F2DF180082E361 /* NetworkManager */ = {
			isa = PBXGroup;
			children = (
				529FA8D928F2DF550082E361 /* ConverterNetworkManager.swift */,
			);
			path = NetworkManager;
			sourceTree = "<group>";
		};
		529FA8DD28F2E01B0082E361 /* Models */ = {
			isa = PBXGroup;
			children = (
				529FA8DE28F2E0310082E361 /* ConvertionError.swift */,
			);
			path = Models;
			sourceTree = "<group>";
		};
/* End PBXGroup section */

/* Begin PBXNativeTarget section */
		529FA89E28F15DB80082E361 /* CurrencyConverterTask */ = {
			isa = PBXNativeTarget;
			buildConfigurationList = 529FA8AD28F15DBA0082E361 /* Build configuration list for PBXNativeTarget "CurrencyConverterTask" */;
			buildPhases = (
				529FA89B28F15DB80082E361 /* Sources */,
				529FA89C28F15DB80082E361 /* Frameworks */,
				529FA89D28F15DB80082E361 /* Resources */,
			);
			buildRules = (
			);
			dependencies = (
			);
			name = CurrencyConverterTask;
			productName = CurrencyConverterTask;
			productReference = 529FA89F28F15DB80082E361 /* CurrencyConverterTask.app */;
			productType = "com.apple.product-type.application";
		};
/* End PBXNativeTarget section */

/* Begin PBXProject section */
		529FA89728F15DB80082E361 /* Project object */ = {
			isa = PBXProject;
			attributes = {
				BuildIndependentTargetsInParallel = 1;
				LastSwiftUpdateCheck = 1340;
				LastUpgradeCheck = 1340;
				TargetAttributes = {
					529FA89E28F15DB80082E361 = {
						CreatedOnToolsVersion = 13.4.1;
					};
				};
			};
			buildConfigurationList = 529FA89A28F15DB80082E361 /* Build configuration list for PBXProject "CurrencyConverterTask" */;
			compatibilityVersion = "Xcode 13.0";
			developmentRegion = en;
			hasScannedForEncodings = 0;
			knownRegions = (
				en,
				Base,
			);
			mainGroup = 529FA89628F15DB80082E361;
			productRefGroup = 529FA8A028F15DB80082E361 /* Products */;
			projectDirPath = "";
			projectRoot = "";
			targets = (
				529FA89E28F15DB80082E361 /* CurrencyConverterTask */,
			);
		};
/* End PBXProject section */

/* Begin PBXResourcesBuildPhase section */
		529FA89D28F15DB80082E361 /* Resources */ = {
			isa = PBXResourcesBuildPhase;
			buildActionMask = 2147483647;
			files = (
				529FA8AA28F15DBA0082E361 /* Preview Assets.xcassets in Resources */,
				529FA8A728F15DBA0082E361 /* Assets.xcassets in Resources */,
			);
			runOnlyForDeploymentPostprocessing = 0;
		};
/* End PBXResourcesBuildPhase section */

/* Begin PBXSourcesBuildPhase section */
		529FA89B28F15DB80082E361 /* Sources */ = {
			isa = PBXSourcesBuildPhase;
			buildActionMask = 2147483647;
			files = (
				529FA8CB28F1B54E0082E361 /* ConvertionCell.swift in Sources */,
				529FA8A328F15DB80082E361 /* CurrencyConverterTaskApp.swift in Sources */,
				529FA8D028F1C4AC0082E361 /* View+Extensions.swift in Sources */,
				529FA8B328F171D30082E361 /* ConverterViewModel.swift in Sources */,
				529FA8E128F4037B0082E361 /* ConversionFeePercentageCalculator.swift in Sources */,
				529FA8D428F1E1C80082E361 /* ActivityIndicator.swift in Sources */,
				529FA8C928F1778D0082E361 /* CurrencyType.swift in Sources */,
				529FA8B128F171C90082E361 /* ConverterView.swift in Sources */,
				529FA8BD28F172D20082E361 /* Combine+Extensions.swift in Sources */,
				529FA8C028F173260082E361 /* CustomNavigationBar.swift in Sources */,
				529FA8C328F174540082E361 /* Color+Extensions.swift in Sources */,
				529FA8CD28F1B7E80082E361 /* LinearGradient+Extensions.swift in Sources */,
				529FA8DC28F2DFA40082E361 /* Constants.swift in Sources */,
				529FA8DA28F2DF550082E361 /* ConverterNetworkManager.swift in Sources */,
				529FA8C728F1775E0082E361 /* СurrencyReponseModel.swift in Sources */,
				529FA8DF28F2E0310082E361 /* ConvertionError.swift in Sources */,
			);
			runOnlyForDeploymentPostprocessing = 0;
		};
/* End PBXSourcesBuildPhase section */

/* Begin XCBuildConfiguration section */
		529FA8AB28F15DBA0082E361 /* Debug */ = {
			isa = XCBuildConfiguration;
			buildSettings = {
				ALWAYS_SEARCH_USER_PATHS = NO;
				CLANG_ANALYZER_NONNULL = YES;
				CLANG_ANALYZER_NUMBER_OBJECT_CONVERSION = YES_AGGRESSIVE;
				CLANG_CXX_LANGUAGE_STANDARD = "gnu++17";
				CLANG_ENABLE_MODULES = YES;
				CLANG_ENABLE_OBJC_ARC = YES;
				CLANG_ENABLE_OBJC_WEAK = YES;
				CLANG_WARN_BLOCK_CAPTURE_AUTORELEASING = YES;
				CLANG_WARN_BOOL_CONVERSION = YES;
				CLANG_WARN_COMMA = YES;
				CLANG_WARN_CONSTANT_CONVERSION = YES;
				CLANG_WARN_DEPRECATED_OBJC_IMPLEMENTATIONS = YES;
				CLANG_WARN_DIRECT_OBJC_ISA_USAGE = YES_ERROR;
				CLANG_WARN_DOCUMENTATION_COMMENTS = YES;
				CLANG_WARN_EMPTY_BODY = YES;
				CLANG_WARN_ENUM_CONVERSION = YES;
				CLANG_WARN_INFINITE_RECURSION = YES;
				CLANG_WARN_INT_CONVERSION = YES;
				CLANG_WARN_NON_LITERAL_NULL_CONVERSION = YES;
				CLANG_WARN_OBJC_IMPLICIT_RETAIN_SELF = YES;
				CLANG_WARN_OBJC_LITERAL_CONVERSION = YES;
				CLANG_WARN_OBJC_ROOT_CLASS = YES_ERROR;
				CLANG_WARN_QUOTED_INCLUDE_IN_FRAMEWORK_HEADER = YES;
				CLANG_WARN_RANGE_LOOP_ANALYSIS = YES;
				CLANG_WARN_STRICT_PROTOTYPES = YES;
				CLANG_WARN_SUSPICIOUS_MOVE = YES;
				CLANG_WARN_UNGUARDED_AVAILABILITY = YES_AGGRESSIVE;
				CLANG_WARN_UNREACHABLE_CODE = YES;
				CLANG_WARN__DUPLICATE_METHOD_MATCH = YES;
				COPY_PHASE_STRIP = NO;
				DEBUG_INFORMATION_FORMAT = dwarf;
				ENABLE_STRICT_OBJC_MSGSEND = YES;
				ENABLE_TESTABILITY = YES;
				GCC_C_LANGUAGE_STANDARD = gnu11;
				GCC_DYNAMIC_NO_PIC = NO;
				GCC_NO_COMMON_BLOCKS = YES;
				GCC_OPTIMIZATION_LEVEL = 0;
				GCC_PREPROCESSOR_DEFINITIONS = (
					"DEBUG=1",
					"$(inherited)",
				);
				GCC_WARN_64_TO_32_BIT_CONVERSION = YES;
				GCC_WARN_ABOUT_RETURN_TYPE = YES_ERROR;
				GCC_WARN_UNDECLARED_SELECTOR = YES;
				GCC_WARN_UNINITIALIZED_AUTOS = YES_AGGRESSIVE;
				GCC_WARN_UNUSED_FUNCTION = YES;
				GCC_WARN_UNUSED_VARIABLE = YES;
				IPHONEOS_DEPLOYMENT_TARGET = 15.5;
				MTL_ENABLE_DEBUG_INFO = INCLUDE_SOURCE;
				MTL_FAST_MATH = YES;
				ONLY_ACTIVE_ARCH = YES;
				SDKROOT = iphoneos;
				SWIFT_ACTIVE_COMPILATION_CONDITIONS = DEBUG;
				SWIFT_OPTIMIZATION_LEVEL = "-Onone";
			};
			name = Debug;
		};
		529FA8AC28F15DBA0082E361 /* Release */ = {
			isa = XCBuildConfiguration;
			buildSettings = {
				ALWAYS_SEARCH_USER_PATHS = NO;
				CLANG_ANALYZER_NONNULL = YES;
				CLANG_ANALYZER_NUMBER_OBJECT_CONVERSION = YES_AGGRESSIVE;
				CLANG_CXX_LANGUAGE_STANDARD = "gnu++17";
				CLANG_ENABLE_MODULES = YES;
				CLANG_ENABLE_OBJC_ARC = YES;
				CLANG_ENABLE_OBJC_WEAK = YES;
				CLANG_WARN_BLOCK_CAPTURE_AUTORELEASING = YES;
				CLANG_WARN_BOOL_CONVERSION = YES;
				CLANG_WARN_COMMA = YES;
				CLANG_WARN_CONSTANT_CONVERSION = YES;
				CLANG_WARN_DEPRECATED_OBJC_IMPLEMENTATIONS = YES;
				CLANG_WARN_DIRECT_OBJC_ISA_USAGE = YES_ERROR;
				CLANG_WARN_DOCUMENTATION_COMMENTS = YES;
				CLANG_WARN_EMPTY_BODY = YES;
				CLANG_WARN_ENUM_CONVERSION = YES;
				CLANG_WARN_INFINITE_RECURSION = YES;
				CLANG_WARN_INT_CONVERSION = YES;
				CLANG_WARN_NON_LITERAL_NULL_CONVERSION = YES;
				CLANG_WARN_OBJC_IMPLICIT_RETAIN_SELF = YES;
				CLANG_WARN_OBJC_LITERAL_CONVERSION = YES;
				CLANG_WARN_OBJC_ROOT_CLASS = YES_ERROR;
				CLANG_WARN_QUOTED_INCLUDE_IN_FRAMEWORK_HEADER = YES;
				CLANG_WARN_RANGE_LOOP_ANALYSIS = YES;
				CLANG_WARN_STRICT_PROTOTYPES = YES;
				CLANG_WARN_SUSPICIOUS_MOVE = YES;
				CLANG_WARN_UNGUARDED_AVAILABILITY = YES_AGGRESSIVE;
				CLANG_WARN_UNREACHABLE_CODE = YES;
				CLANG_WARN__DUPLICATE_METHOD_MATCH = YES;
				COPY_PHASE_STRIP = NO;
				DEBUG_INFORMATION_FORMAT = "dwarf-with-dsym";
				ENABLE_NS_ASSERTIONS = NO;
				ENABLE_STRICT_OBJC_MSGSEND = YES;
				GCC_C_LANGUAGE_STANDARD = gnu11;
				GCC_NO_COMMON_BLOCKS = YES;
				GCC_WARN_64_TO_32_BIT_CONVERSION = YES;
				GCC_WARN_ABOUT_RETURN_TYPE = YES_ERROR;
				GCC_WARN_UNDECLARED_SELECTOR = YES;
				GCC_WARN_UNINITIALIZED_AUTOS = YES_AGGRESSIVE;
				GCC_WARN_UNUSED_FUNCTION = YES;
				GCC_WARN_UNUSED_VARIABLE = YES;
				IPHONEOS_DEPLOYMENT_TARGET = 15.5;
				MTL_ENABLE_DEBUG_INFO = NO;
				MTL_FAST_MATH = YES;
				SDKROOT = iphoneos;
				SWIFT_COMPILATION_MODE = wholemodule;
				SWIFT_OPTIMIZATION_LEVEL = "-O";
				VALIDATE_PRODUCT = YES;
			};
			name = Release;
		};
		529FA8AE28F15DBA0082E361 /* Debug */ = {
			isa = XCBuildConfiguration;
			buildSettings = {
				ASSETCATALOG_COMPILER_APPICON_NAME = AppIcon;
				ASSETCATALOG_COMPILER_GLOBAL_ACCENT_COLOR_NAME = AccentColor;
				CODE_SIGN_STYLE = Automatic;
				CURRENT_PROJECT_VERSION = 1;
				DEVELOPMENT_ASSET_PATHS = "\"CurrencyConverterTask/Preview Content\"";
				DEVELOPMENT_TEAM = D83JQSBRML;
				ENABLE_PREVIEWS = YES;
				GENERATE_INFOPLIST_FILE = YES;
				INFOPLIST_FILE = CurrencyConverterTask/Info.plist;
				INFOPLIST_KEY_UIApplicationSceneManifest_Generation = YES;
				INFOPLIST_KEY_UIApplicationSupportsIndirectInputEvents = YES;
				INFOPLIST_KEY_UILaunchScreen_Generation = YES;
				INFOPLIST_KEY_UISupportedInterfaceOrientations_iPad = "UIInterfaceOrientationPortrait UIInterfaceOrientationPortraitUpsideDown UIInterfaceOrientationLandscapeLeft UIInterfaceOrientationLandscapeRight";
				INFOPLIST_KEY_UISupportedInterfaceOrientations_iPhone = "UIInterfaceOrientationPortrait UIInterfaceOrientationLandscapeLeft UIInterfaceOrientationLandscapeRight";
				LD_RUNPATH_SEARCH_PATHS = (
					"$(inherited)",
					"@executable_path/Frameworks",
				);
				MARKETING_VERSION = 1.0;
				PRODUCT_BUNDLE_IDENTIFIER = com.vadimkatenin.CurrencyConverterTask;
				PRODUCT_NAME = "$(TARGET_NAME)";
				SWIFT_EMIT_LOC_STRINGS = YES;
				SWIFT_VERSION = 5.0;
				TARGETED_DEVICE_FAMILY = "1,2";
			};
			name = Debug;
		};
		529FA8AF28F15DBA0082E361 /* Release */ = {
			isa = XCBuildConfiguration;
			buildSettings = {
				ASSETCATALOG_COMPILER_APPICON_NAME = AppIcon;
				ASSETCATALOG_COMPILER_GLOBAL_ACCENT_COLOR_NAME = AccentColor;
				CODE_SIGN_STYLE = Automatic;
				CURRENT_PROJECT_VERSION = 1;
				DEVELOPMENT_ASSET_PATHS = "\"CurrencyConverterTask/Preview Content\"";
				DEVELOPMENT_TEAM = D83JQSBRML;
				ENABLE_PREVIEWS = YES;
				GENERATE_INFOPLIST_FILE = YES;
				INFOPLIST_FILE = CurrencyConverterTask/Info.plist;
				INFOPLIST_KEY_UIApplicationSceneManifest_Generation = YES;
				INFOPLIST_KEY_UIApplicationSupportsIndirectInputEvents = YES;
				INFOPLIST_KEY_UILaunchScreen_Generation = YES;
				INFOPLIST_KEY_UISupportedInterfaceOrientations_iPad = "UIInterfaceOrientationPortrait UIInterfaceOrientationPortraitUpsideDown UIInterfaceOrientationLandscapeLeft UIInterfaceOrientationLandscapeRight";
				INFOPLIST_KEY_UISupportedInterfaceOrientations_iPhone = "UIInterfaceOrientationPortrait UIInterfaceOrientationLandscapeLeft UIInterfaceOrientationLandscapeRight";
				LD_RUNPATH_SEARCH_PATHS = (
					"$(inherited)",
					"@executable_path/Frameworks",
				);
				MARKETING_VERSION = 1.0;
				PRODUCT_BUNDLE_IDENTIFIER = com.vadimkatenin.CurrencyConverterTask;
				PRODUCT_NAME = "$(TARGET_NAME)";
				SWIFT_EMIT_LOC_STRINGS = YES;
				SWIFT_VERSION = 5.0;
				TARGETED_DEVICE_FAMILY = "1,2";
			};
			name = Release;
		};
/* End XCBuildConfiguration section */

/* Begin XCConfigurationList section */
		529FA89A28F15DB80082E361 /* Build configuration list for PBXProject "CurrencyConverterTask" */ = {
			isa = XCConfigurationList;
			buildConfigurations = (
				529FA8AB28F15DBA0082E361 /* Debug */,
				529FA8AC28F15DBA0082E361 /* Release */,
			);
			defaultConfigurationIsVisible = 0;
			defaultConfigurationName = Release;
		};
		529FA8AD28F15DBA0082E361 /* Build configuration list for PBXNativeTarget "CurrencyConverterTask" */ = {
			isa = XCConfigurationList;
			buildConfigurations = (
				529FA8AE28F15DBA0082E361 /* Debug */,
				529FA8AF28F15DBA0082E361 /* Release */,
			);
			defaultConfigurationIsVisible = 0;
			defaultConfigurationName = Release;
		};
/* End XCConfigurationList section */
	};
	rootObject = 529FA89728F15DB80082E361 /* Project object */;
}
